dependencies:
- name: pgvector
  repository: https://rh-ai-kickstart.github.io/ai-architecture-charts
  version: 0.1.0
- name: llm-service
  repository: https://rh-ai-kickstart.github.io/ai-architecture-charts
  version: 0.1.0
- name: llama-stack
  repository: https://rh-ai-kickstart.github.io/ai-architecture-charts
  version: 0.2.16
digest: sha256:2ca6a209071737395d3f7615df03fe68c99965f4151d22368b748482d31ae9d0
generated: "2025-08-05T14:46:23.632667205-04:00"
