dependencies:
- name: pgvector
  repository: https://rh-ai-quickstart.github.io/ai-architecture-charts
  version: 0.1.0
- name: llm-service
  repository: https://rh-ai-quickstart.github.io/ai-architecture-charts
  version: 0.1.0
- name: llama-stack
  repository: https://rh-ai-quickstart.github.io/ai-architecture-charts
  version: 0.2.18
- name: mcp-servers
  repository: https://rh-ai-quickstart.github.io/ai-architecture-charts
  version: 0.1.0
digest: sha256:67c33bf8764ad105d1120e6ec37d6c28f102a1fd7d22041dbfeca8c639b7b9dc
generated: "2025-09-22T21:29:06.771988-05:00"
