dependencies:
- name: pgvector
  repository: https://rh-ai-quickstart.github.io/ai-architecture-charts
  version: 0.1.0
- name: llm-service
  repository: https://rh-ai-quickstart.github.io/ai-architecture-charts
  version: 0.1.0
- name: llama-stack
  repository: https://rh-ai-quickstart.github.io/ai-architecture-charts
  version: 0.5.2
- name: mcp-servers
  repository: https://rh-ai-quickstart.github.io/ai-architecture-charts
  version: 0.5.6
digest: sha256:f913a076e99f57bc370641d49e0b3038fe9cd30472433694a0535639df7b575d
generated: "2025-10-31T17:32:01.292836+01:00"
