dependencies:
- name: pgvector
  repository: https://rh-ai-quickstart.github.io/ai-architecture-charts
  version: 0.1.0
- name: llm-service
  repository: https://rh-ai-quickstart.github.io/ai-architecture-charts
  version: 0.1.0
- name: llama-stack
  repository: https://rh-ai-quickstart.github.io/ai-architecture-charts
  version: 0.2.18
- name: mcp-servers
  repository: https://rh-ai-quickstart.github.io/ai-architecture-charts
  version: 0.1.0
digest: sha256:344d5ebbd81abf598eca370731a1511d8bd9ab4c124403fa916c29ebb787a522
generated: "2025-09-02T12:02:05.787011-05:00"
